
Microsoft Visual Studio Solution File, Format Version 12.00
# Visual Studio 15
VisualStudioVersion = 15.0.28307.1831
MinimumVisualStudioVersion = 10.0.40219.1
Project("{FAE04EC0-301F-11D3-BF4B-00C04F79EFBC}") = "AuthenticationFilterDemo", "AuthenticationFilterDemo\AuthenticationFilterDemo.csproj", "{08879AED-C6E9-4C0F-A57D-EFC1D6944823}"
EndProject
Global
	GlobalSection(SolutionConfigurationPlatforms) = preSolution
		Debug|Any CPU = Debug|Any CPU
		Release|Any CPU = Release|Any CPU
	EndGlobalSection
	GlobalSection(ProjectConfigurationPlatforms) = postSolution
		{08879AED-C6E9-4C0F-A57D-EFC1D6944823}.Debug|Any CPU.ActiveCfg = Debug|Any CPU
		{08879AED-C6E9-4C0F-A57D-EFC1D6944823}.Debug|Any CPU.Build.0 = Debug|Any CPU
		{08879AED-C6E9-4C0F-A57D-EFC1D6944823}.Release|Any CPU.ActiveCfg = Release|Any CPU
		{08879AED-C6E9-4C0F-A57D-EFC1D6944823}.Release|Any CPU.Build.0 = Release|Any CPU
	EndGlobalSection
	GlobalSection(SolutionProperties) = preSolution
		HideSolutionNode = FALSE
	EndGlobalSection
	GlobalSection(ExtensibilityGlobals) = postSolution
		SolutionGuid = {C9B89144-BA8D-46FB-92F7-4C88814F60D7}
	EndGlobalSection
EndGlobal
