
Microsoft Visual Studio Solution File, Format Version 12.00
# Visual Studio 15
VisualStudioVersion = 15.0.28307.1831
MinimumVisualStudioVersion = 10.0.40219.1
Project("{FAE04EC0-301F-11D3-BF4B-00C04F79EFBC}") = "CRUDusingModelFirstTwoTables", "CRUDusingModelFirstTwoTables\CRUDusingModelFirstTwoTables.csproj", "{AE299A5C-DDA6-4D89-9469-1929E49C75F8}"
EndProject
Global
	GlobalSection(SolutionConfigurationPlatforms) = preSolution
		Debug|Any CPU = Debug|Any CPU
		Release|Any CPU = Release|Any CPU
	EndGlobalSection
	GlobalSection(ProjectConfigurationPlatforms) = postSolution
		{AE299A5C-DDA6-4D89-9469-1929E49C75F8}.Debug|Any CPU.ActiveCfg = Debug|Any CPU
		{AE299A5C-DDA6-4D89-9469-1929E49C75F8}.Debug|Any CPU.Build.0 = Debug|Any CPU
		{AE299A5C-DDA6-4D89-9469-1929E49C75F8}.Release|Any CPU.ActiveCfg = Release|Any CPU
		{AE299A5C-DDA6-4D89-9469-1929E49C75F8}.Release|Any CPU.Build.0 = Release|Any CPU
	EndGlobalSection
	GlobalSection(SolutionProperties) = preSolution
		HideSolutionNode = FALSE
	EndGlobalSection
	GlobalSection(ExtensibilityGlobals) = postSolution
		SolutionGuid = {009DC59B-8D9F-4719-B620-E6AEA2FD794E}
	EndGlobalSection
EndGlobal
